
Microsoft Visual Studio Solution File, Format Version 12.00
# Visual Studio Version 17
VisualStudioVersion = 17.12.35527.113
MinimumVisualStudioVersion = 10.0.40219.1
Project("{8BC9CEB8-8B4A-11D0-8D11-00A0C91BC942}") = "Maze", "..\Maze\Maze.vcxproj", "{EB54208F-3446-46CF-8AC9-66EB48015F62}"
EndProject
Project("{8BC9CEB8-8B4A-11D0-8D11-00A0C91BC942}") = "Render", "..\Render\Render.vcxproj", "{0713BF0D-9E70-4743-BE29-2A75A3AF5E42}"
EndProject
Project("{8BC9CEB8-8B4A-11D0-8D11-00A0C91BC942}") = "MazeGame", "MazeGame.vcxproj", "{29B04D86-39E4-4F87-ACE2-66C1F2052E4A}"
EndProject
Project("{8BC9CEB8-8B4A-11D0-8D11-00A0C91BC942}") = "Player", "..\Player\Player.vcxproj", "{171CDDA6-3B9D-4297-9434-EDEB111F417E}"
	ProjectSection(ProjectDependencies) = postProject
		{EB54208F-3446-46CF-8AC9-66EB48015F62} = {EB54208F-3446-46CF-8AC9-66EB48015F62}
	EndProjectSection
EndProject
Project("{8BC9CEB8-8B4A-11D0-8D11-00A0C91BC942}") = "GameEngine", "..\GameEngine\GameEngine.vcxproj", "{8C574DF7-BA4B-4CD3-B725-B693E5AAA392}"
EndProject
Global
	GlobalSection(SolutionConfigurationPlatforms) = preSolution
		Debug|x64 = Debug|x64
		Debug|x86 = Debug|x86
		Release|x64 = Release|x64
		Release|x86 = Release|x86
	EndGlobalSection
	GlobalSection(ProjectConfigurationPlatforms) = postSolution
		{EB54208F-3446-46CF-8AC9-66EB48015F62}.Debug|x64.ActiveCfg = Debug|x64
		{EB54208F-3446-46CF-8AC9-66EB48015F62}.Debug|x64.Build.0 = Debug|x64
		{EB54208F-3446-46CF-8AC9-66EB48015F62}.Debug|x86.ActiveCfg = Debug|Win32
		{EB54208F-3446-46CF-8AC9-66EB48015F62}.Debug|x86.Build.0 = Debug|Win32
		{EB54208F-3446-46CF-8AC9-66EB48015F62}.Release|x64.ActiveCfg = Release|x64
		{EB54208F-3446-46CF-8AC9-66EB48015F62}.Release|x64.Build.0 = Release|x64
		{EB54208F-3446-46CF-8AC9-66EB48015F62}.Release|x86.ActiveCfg = Release|Win32
		{EB54208F-3446-46CF-8AC9-66EB48015F62}.Release|x86.Build.0 = Release|Win32
		{0713BF0D-9E70-4743-BE29-2A75A3AF5E42}.Debug|x64.ActiveCfg = Debug|x64
		{0713BF0D-9E70-4743-BE29-2A75A3AF5E42}.Debug|x64.Build.0 = Debug|x64
		{0713BF0D-9E70-4743-BE29-2A75A3AF5E42}.Debug|x86.ActiveCfg = Debug|Win32
		{0713BF0D-9E70-4743-BE29-2A75A3AF5E42}.Debug|x86.Build.0 = Debug|Win32
		{0713BF0D-9E70-4743-BE29-2A75A3AF5E42}.Release|x64.ActiveCfg = Release|x64
		{0713BF0D-9E70-4743-BE29-2A75A3AF5E42}.Release|x64.Build.0 = Release|x64
		{0713BF0D-9E70-4743-BE29-2A75A3AF5E42}.Release|x86.ActiveCfg = Release|Win32
		{0713BF0D-9E70-4743-BE29-2A75A3AF5E42}.Release|x86.Build.0 = Release|Win32
		{29B04D86-39E4-4F87-ACE2-66C1F2052E4A}.Debug|x64.ActiveCfg = Debug|x64
		{29B04D86-39E4-4F87-ACE2-66C1F2052E4A}.Debug|x64.Build.0 = Debug|x64
		{29B04D86-39E4-4F87-ACE2-66C1F2052E4A}.Debug|x86.ActiveCfg = Debug|Win32
		{29B04D86-39E4-4F87-ACE2-66C1F2052E4A}.Debug|x86.Build.0 = Debug|Win32
		{29B04D86-39E4-4F87-ACE2-66C1F2052E4A}.Release|x64.ActiveCfg = Release|x64
		{29B04D86-39E4-4F87-ACE2-66C1F2052E4A}.Release|x64.Build.0 = Release|x64
		{29B04D86-39E4-4F87-ACE2-66C1F2052E4A}.Release|x86.ActiveCfg = Release|Win32
		{29B04D86-39E4-4F87-ACE2-66C1F2052E4A}.Release|x86.Build.0 = Release|Win32
		{171CDDA6-3B9D-4297-9434-EDEB111F417E}.Debug|x64.ActiveCfg = Debug|x64
		{171CDDA6-3B9D-4297-9434-EDEB111F417E}.Debug|x64.Build.0 = Debug|x64
		{171CDDA6-3B9D-4297-9434-EDEB111F417E}.Debug|x86.ActiveCfg = Debug|Win32
		{171CDDA6-3B9D-4297-9434-EDEB111F417E}.Debug|x86.Build.0 = Debug|Win32
		{171CDDA6-3B9D-4297-9434-EDEB111F417E}.Release|x64.ActiveCfg = Release|x64
		{171CDDA6-3B9D-4297-9434-EDEB111F417E}.Release|x64.Build.0 = Release|x64
		{171CDDA6-3B9D-4297-9434-EDEB111F417E}.Release|x86.ActiveCfg = Release|Win32
		{171CDDA6-3B9D-4297-9434-EDEB111F417E}.Release|x86.Build.0 = Release|Win32
		{8C574DF7-BA4B-4CD3-B725-B693E5AAA392}.Debug|x64.ActiveCfg = Debug|x64
		{8C574DF7-BA4B-4CD3-B725-B693E5AAA392}.Debug|x64.Build.0 = Debug|x64
		{8C574DF7-BA4B-4CD3-B725-B693E5AAA392}.Debug|x86.ActiveCfg = Debug|Win32
		{8C574DF7-BA4B-4CD3-B725-B693E5AAA392}.Debug|x86.Build.0 = Debug|Win32
		{8C574DF7-BA4B-4CD3-B725-B693E5AAA392}.Release|x64.ActiveCfg = Release|x64
		{8C574DF7-BA4B-4CD3-B725-B693E5AAA392}.Release|x64.Build.0 = Release|x64
		{8C574DF7-BA4B-4CD3-B725-B693E5AAA392}.Release|x86.ActiveCfg = Release|Win32
		{8C574DF7-BA4B-4CD3-B725-B693E5AAA392}.Release|x86.Build.0 = Release|Win32
	EndGlobalSection
	GlobalSection(SolutionProperties) = preSolution
		HideSolutionNode = FALSE
	EndGlobalSection
EndGlobal
